// !$*UTF8*$!
{
	archiveVersion = 1;
	classes = {
	};
	objectVersion = 48;
	objects = {

/* Begin PBXBuildFile section */
		10545CFD1F9CE34D000A758F /* EmptyCell.swift in Sources */ = {isa = PBXBuildFile; fileRef = 10545CFB1F9CE34D000A758F /* EmptyCell.swift */; };
		10545CFE1F9CE34D000A758F /* EmptyCell.xib in Resources */ = {isa = PBXBuildFile; fileRef = 10545CFC1F9CE34D000A758F /* EmptyCell.xib */; };
		10545D011F9CE37D000A758F /* PhotoCell.swift in Sources */ = {isa = PBXBuildFile; fileRef = 10545CFF1F9CE37D000A758F /* PhotoCell.swift */; };
		10545D021F9CE37D000A758F /* PhotoCell.xib in Resources */ = {isa = PBXBuildFile; fileRef = 10545D001F9CE37D000A758F /* PhotoCell.xib */; };
		106312341F9ADF370002400D /* FlickrAPIManagerTest.swift in Sources */ = {isa = PBXBuildFile; fileRef = 106312331F9ADF370002400D /* FlickrAPIManagerTest.swift */; };
		106312361F9AE2AE0002400D /* FlickrAPIManager.swift in Sources */ = {isa = PBXBuildFile; fileRef = 106312351F9AE2AE0002400D /* FlickrAPIManager.swift */; };
		106312381F9AECC30002400D /* TestCommonDefines.swift in Sources */ = {isa = PBXBuildFile; fileRef = 106312371F9AECC30002400D /* TestCommonDefines.swift */; };
		1063123A1F9AECF80002400D /* CommonDefines.swift in Sources */ = {isa = PBXBuildFile; fileRef = 106312391F9AECF70002400D /* CommonDefines.swift */; };
		106528551FA5C24E00FA7633 /* PinterestLayout.swift in Sources */ = {isa = PBXBuildFile; fileRef = 106528541FA5C24E00FA7633 /* PinterestLayout.swift */; };
		1078A33F1F9B8494002B3E07 /* Photo.swift in Sources */ = {isa = PBXBuildFile; fileRef = 1078A33E1F9B8494002B3E07 /* Photo.swift */; };
		1078A3411F9B856F002B3E07 /* Photos.swift in Sources */ = {isa = PBXBuildFile; fileRef = 1078A3401F9B856F002B3E07 /* Photos.swift */; };
		984A7B57B7197BA22223064D /* Pods_PinterstLikeCollectionViewAndFlickrImageSearch.framework in Frameworks */ = {isa = PBXBuildFile; fileRef = E13BE5903B05E9DBE9784067 /* Pods_PinterstLikeCollectionViewAndFlickrImageSearch.framework */; };
		E002ACBE1FA9917000E74E1C /* AlertController.swift in Sources */ = {isa = PBXBuildFile; fileRef = E002ACBD1FA9917000E74E1C /* AlertController.swift */; };
		E002ACC01FA9924600E74E1C /* AlertMessageDelegate.swift in Sources */ = {isa = PBXBuildFile; fileRef = E002ACBF1FA9924600E74E1C /* AlertMessageDelegate.swift */; };
		E002ACC21FA9991000E74E1C /* LocalizableKey.swift in Sources */ = {isa = PBXBuildFile; fileRef = E002ACC11FA9991000E74E1C /* LocalizableKey.swift */; };
		E00906321FA9AB9700956D16 /* UIScrollView+Helper.swift in Sources */ = {isa = PBXBuildFile; fileRef = E00906311FA9AB9700956D16 /* UIScrollView+Helper.swift */; };
		E00906341FA9C3C200956D16 /* FlickrAPIAccessState.swift in Sources */ = {isa = PBXBuildFile; fileRef = E00906331FA9C3C200956D16 /* FlickrAPIAccessState.swift */; };
		E024B4F91FA71D2400F2EB74 /* ResponseError.swift in Sources */ = {isa = PBXBuildFile; fileRef = E024B4F81FA71D2400F2EB74 /* ResponseError.swift */; };
		E04933291FAB1E3900DD34CB /* FlickrImageSearchContext.swift in Sources */ = {isa = PBXBuildFile; fileRef = E04933281FAB1E3900DD34CB /* FlickrImageSearchContext.swift */; };
		E049332B1FAB1EEB00DD34CB /* FlickrImageSearchContextTests.swift in Sources */ = {isa = PBXBuildFile; fileRef = E049332A1FAB1EEB00DD34CB /* FlickrImageSearchContextTests.swift */; };
		E04FA2A31F9984E400567838 /* AppDelegate.swift in Sources */ = {isa = PBXBuildFile; fileRef = E04FA2A21F9984E400567838 /* AppDelegate.swift */; };
		E04FA2A51F9984E400567838 /* SearchViewController.swift in Sources */ = {isa = PBXBuildFile; fileRef = E04FA2A41F9984E400567838 /* SearchViewController.swift */; };
		E04FA2A81F9984E400567838 /* SearchViewController.storyboard in Resources */ = {isa = PBXBuildFile; fileRef = E04FA2A61F9984E400567838 /* SearchViewController.storyboard */; };
		E04FA2AA1F9984E400567838 /* Assets.xcassets in Resources */ = {isa = PBXBuildFile; fileRef = E04FA2A91F9984E400567838 /* Assets.xcassets */; };
		E04FA2AD1F9984E400567838 /* LaunchScreen.storyboard in Resources */ = {isa = PBXBuildFile; fileRef = E04FA2AB1F9984E400567838 /* LaunchScreen.storyboard */; };
		E04FA2B81F9984E400567838 /* FlickrImageSearchAndFetchTests.swift in Sources */ = {isa = PBXBuildFile; fileRef = E04FA2B71F9984E400567838 /* FlickrImageSearchAndFetchTests.swift */; };
		E04FA2D11F99859A00567838 /* APIError.swift in Sources */ = {isa = PBXBuildFile; fileRef = E04FA2C31F99859A00567838 /* APIError.swift */; };
		E04FA2D21F99859A00567838 /* ClientError.swift in Sources */ = {isa = PBXBuildFile; fileRef = E04FA2C41F99859A00567838 /* ClientError.swift */; };
		E04FA2D41F99859A00567838 /* FlickrAPI.swift in Sources */ = {isa = PBXBuildFile; fileRef = E04FA2C61F99859A00567838 /* FlickrAPI.swift */; };
		E04FA2D51F99859A00567838 /* FlickrClient.swift in Sources */ = {isa = PBXBuildFile; fileRef = E04FA2C71F99859A00567838 /* FlickrClient.swift */; };
		E04FA2D61F99859A00567838 /* FlickrImageSearchResponse.swift in Sources */ = {isa = PBXBuildFile; fileRef = E04FA2C81F99859A00567838 /* FlickrImageSearchResponse.swift */; };
		E04FA2D71F99859A00567838 /* HTTPMethod.swift in Sources */ = {isa = PBXBuildFile; fileRef = E04FA2C91F99859A00567838 /* HTTPMethod.swift */; };
		E04FA2D91F99859A00567838 /* JSONDecodeError.swift in Sources */ = {isa = PBXBuildFile; fileRef = E04FA2CB1F99859A00567838 /* JSONDecodeError.swift */; };
		E04FA2DB1F99859A00567838 /* Request.swift in Sources */ = {isa = PBXBuildFile; fileRef = E04FA2CD1F99859A00567838 /* Request.swift */; };
		E04FA2DC1F99859A00567838 /* Result.swift in Sources */ = {isa = PBXBuildFile; fileRef = E04FA2CE1F99859A00567838 /* Result.swift */; };
		E04FA2E21F999C2800567838 /* UIImage+Codable.swift in Sources */ = {isa = PBXBuildFile; fileRef = E04FA2E11F999C2800567838 /* UIImage+Codable.swift */; };
		E04FA2E41F99C61200567838 /* FlickrImageFetchResponse.swift in Sources */ = {isa = PBXBuildFile; fileRef = E04FA2E31F99C61200567838 /* FlickrImageFetchResponse.swift */; };
		E04FA2E61F99C82100567838 /* log.txt in Resources */ = {isa = PBXBuildFile; fileRef = E04FA2E51F99C82100567838 /* log.txt */; };
		E053CA391FA8129100BA4938 /* SearchViewProvider.swift in Sources */ = {isa = PBXBuildFile; fileRef = E053CA381FA8129100BA4938 /* SearchViewProvider.swift */; };
		E05956D31FAAAE5900E4DF8A /* NetworkReachabilityManager.swift in Sources */ = {isa = PBXBuildFile; fileRef = E05956D21FAAAE5900E4DF8A /* NetworkReachabilityManager.swift */; };
		E0950C9B1FA8461700E60F35 /* Identifier.swift in Sources */ = {isa = PBXBuildFile; fileRef = E0950C9A1FA8461700E60F35 /* Identifier.swift */; };
		E0FF491C1FA98C2B00EAC095 /* Localizable.strings in Resources */ = {isa = PBXBuildFile; fileRef = E0FF491E1FA98C2B00EAC095 /* Localizable.strings */; };
		FFE86EECB2BA494000D8BC72 /* Pods_PinterstLikeCollectionViewAndFlickrImageSearchTests.framework in Frameworks */ = {isa = PBXBuildFile; fileRef = EE3B200764BF9022FFB29893 /* Pods_PinterstLikeCollectionViewAndFlickrImageSearchTests.framework */; };
/* End PBXBuildFile section */

/* Begin PBXContainerItemProxy section */
		E04FA2B41F9984E400567838 /* PBXContainerItemProxy */ = {
			isa = PBXContainerItemProxy;
			containerPortal = E04FA2971F9984E400567838 /* Project object */;
			proxyType = 1;
			remoteGlobalIDString = E04FA29E1F9984E400567838;
			remoteInfo = PinterstLikeCollectionViewAndFlickrImageSearch;
		};
/* End PBXContainerItemProxy section */

/* Begin PBXFileReference section */
		10545CFB1F9CE34D000A758F /* EmptyCell.swift */ = {isa = PBXFileReference; lastKnownFileType = sourcecode.swift; path = EmptyCell.swift; sourceTree = "<group>"; };
		10545CFC1F9CE34D000A758F /* EmptyCell.xib */ = {isa = PBXFileReference; lastKnownFileType = file.xib; path = EmptyCell.xib; sourceTree = "<group>"; };
		10545CFF1F9CE37D000A758F /* PhotoCell.swift */ = {isa = PBXFileReference; lastKnownFileType = sourcecode.swift; path = PhotoCell.swift; sourceTree = "<group>"; };
		10545D001F9CE37D000A758F /* PhotoCell.xib */ = {isa = PBXFileReference; lastKnownFileType = file.xib; path = PhotoCell.xib; sourceTree = "<group>"; };
		106312331F9ADF370002400D /* FlickrAPIManagerTest.swift */ = {isa = PBXFileReference; lastKnownFileType = sourcecode.swift; path = FlickrAPIManagerTest.swift; sourceTree = "<group>"; };
		106312351F9AE2AE0002400D /* FlickrAPIManager.swift */ = {isa = PBXFileReference; lastKnownFileType = sourcecode.swift; path = FlickrAPIManager.swift; sourceTree = "<group>"; };
		106312371F9AECC30002400D /* TestCommonDefines.swift */ = {isa = PBXFileReference; lastKnownFileType = sourcecode.swift; path = TestCommonDefines.swift; sourceTree = "<group>"; };
		106312391F9AECF70002400D /* CommonDefines.swift */ = {isa = PBXFileReference; lastKnownFileType = sourcecode.swift; path = CommonDefines.swift; sourceTree = "<group>"; };
		106528541FA5C24E00FA7633 /* PinterestLayout.swift */ = {isa = PBXFileReference; lastKnownFileType = sourcecode.swift; path = PinterestLayout.swift; sourceTree = "<group>"; };
		1078A33E1F9B8494002B3E07 /* Photo.swift */ = {isa = PBXFileReference; lastKnownFileType = sourcecode.swift; path = Photo.swift; sourceTree = "<group>"; };
		1078A3401F9B856F002B3E07 /* Photos.swift */ = {isa = PBXFileReference; lastKnownFileType = sourcecode.swift; path = Photos.swift; sourceTree = "<group>"; };
		60FAB6369DAB5B6677515EDF /* Pods-PinterstLikeCollectionViewAndFlickrImageSearch.debug.xcconfig */ = {isa = PBXFileReference; includeInIndex = 1; lastKnownFileType = text.xcconfig; name = "Pods-PinterstLikeCollectionViewAndFlickrImageSearch.debug.xcconfig"; path = "Pods/Target Support Files/Pods-PinterstLikeCollectionViewAndFlickrImageSearch/Pods-PinterstLikeCollectionViewAndFlickrImageSearch.debug.xcconfig"; sourceTree = "<group>"; };
		8C81732427EF59110345C220 /* Pods-PinterstLikeCollectionViewAndFlickrImageSearchTests.debug.xcconfig */ = {isa = PBXFileReference; includeInIndex = 1; lastKnownFileType = text.xcconfig; name = "Pods-PinterstLikeCollectionViewAndFlickrImageSearchTests.debug.xcconfig"; path = "Pods/Target Support Files/Pods-PinterstLikeCollectionViewAndFlickrImageSearchTests/Pods-PinterstLikeCollectionViewAndFlickrImageSearchTests.debug.xcconfig"; sourceTree = "<group>"; };
		B236B0A8BD124C16EF92F9DE /* Pods-PinterstLikeCollectionViewAndFlickrImageSearchTests.release.xcconfig */ = {isa = PBXFileReference; includeInIndex = 1; lastKnownFileType = text.xcconfig; name = "Pods-PinterstLikeCollectionViewAndFlickrImageSearchTests.release.xcconfig"; path = "Pods/Target Support Files/Pods-PinterstLikeCollectionViewAndFlickrImageSearchTests/Pods-PinterstLikeCollectionViewAndFlickrImageSearchTests.release.xcconfig"; sourceTree = "<group>"; };
		D499850AAD86B80DDD5223CB /* Pods-PinterstLikeCollectionViewAndFlickrImageSearch.release.xcconfig */ = {isa = PBXFileReference; includeInIndex = 1; lastKnownFileType = text.xcconfig; name = "Pods-PinterstLikeCollectionViewAndFlickrImageSearch.release.xcconfig"; path = "Pods/Target Support Files/Pods-PinterstLikeCollectionViewAndFlickrImageSearch/Pods-PinterstLikeCollectionViewAndFlickrImageSearch.release.xcconfig"; sourceTree = "<group>"; };
		E002ACBD1FA9917000E74E1C /* AlertController.swift */ = {isa = PBXFileReference; lastKnownFileType = sourcecode.swift; path = AlertController.swift; sourceTree = "<group>"; };
		E002ACBF1FA9924600E74E1C /* AlertMessageDelegate.swift */ = {isa = PBXFileReference; lastKnownFileType = sourcecode.swift; path = AlertMessageDelegate.swift; sourceTree = "<group>"; };
		E002ACC11FA9991000E74E1C /* LocalizableKey.swift */ = {isa = PBXFileReference; lastKnownFileType = sourcecode.swift; path = LocalizableKey.swift; sourceTree = "<group>"; };
		E00906311FA9AB9700956D16 /* UIScrollView+Helper.swift */ = {isa = PBXFileReference; fileEncoding = 4; lastKnownFileType = sourcecode.swift; path = "UIScrollView+Helper.swift"; sourceTree = "<group>"; };
		E00906331FA9C3C200956D16 /* FlickrAPIAccessState.swift */ = {isa = PBXFileReference; lastKnownFileType = sourcecode.swift; path = FlickrAPIAccessState.swift; sourceTree = "<group>"; };
		E024B4F81FA71D2400F2EB74 /* ResponseError.swift */ = {isa = PBXFileReference; lastKnownFileType = sourcecode.swift; path = ResponseError.swift; sourceTree = "<group>"; };
		E04933281FAB1E3900DD34CB /* FlickrImageSearchContext.swift */ = {isa = PBXFileReference; lastKnownFileType = sourcecode.swift; path = FlickrImageSearchContext.swift; sourceTree = "<group>"; };
		E049332A1FAB1EEB00DD34CB /* FlickrImageSearchContextTests.swift */ = {isa = PBXFileReference; lastKnownFileType = sourcecode.swift; path = FlickrImageSearchContextTests.swift; sourceTree = "<group>"; };
		E04FA29F1F9984E400567838 /* PinterstLikeCollectionViewAndFlickrImageSearch.app */ = {isa = PBXFileReference; explicitFileType = wrapper.application; includeInIndex = 0; path = PinterstLikeCollectionViewAndFlickrImageSearch.app; sourceTree = BUILT_PRODUCTS_DIR; };
		E04FA2A21F9984E400567838 /* AppDelegate.swift */ = {isa = PBXFileReference; lastKnownFileType = sourcecode.swift; path = AppDelegate.swift; sourceTree = "<group>"; };
		E04FA2A41F9984E400567838 /* SearchViewController.swift */ = {isa = PBXFileReference; lastKnownFileType = sourcecode.swift; path = SearchViewController.swift; sourceTree = "<group>"; };
		E04FA2A71F9984E400567838 /* Base */ = {isa = PBXFileReference; lastKnownFileType = file.storyboard; name = Base; path = Base.lproj/SearchViewController.storyboard; sourceTree = "<group>"; };
		E04FA2A91F9984E400567838 /* Assets.xcassets */ = {isa = PBXFileReference; lastKnownFileType = folder.assetcatalog; path = Assets.xcassets; sourceTree = "<group>"; };
		E04FA2AC1F9984E400567838 /* Base */ = {isa = PBXFileReference; lastKnownFileType = file.storyboard; name = Base; path = Base.lproj/LaunchScreen.storyboard; sourceTree = "<group>"; };
		E04FA2AE1F9984E400567838 /* Info.plist */ = {isa = PBXFileReference; lastKnownFileType = text.plist.xml; path = Info.plist; sourceTree = "<group>"; };
		E04FA2B31F9984E400567838 /* PinterstLikeCollectionViewAndFlickrImageSearchTests.xctest */ = {isa = PBXFileReference; explicitFileType = wrapper.cfbundle; includeInIndex = 0; path = PinterstLikeCollectionViewAndFlickrImageSearchTests.xctest; sourceTree = BUILT_PRODUCTS_DIR; };
		E04FA2B71F9984E400567838 /* FlickrImageSearchAndFetchTests.swift */ = {isa = PBXFileReference; lastKnownFileType = sourcecode.swift; path = FlickrImageSearchAndFetchTests.swift; sourceTree = "<group>"; };
		E04FA2B91F9984E400567838 /* Info.plist */ = {isa = PBXFileReference; lastKnownFileType = text.plist.xml; path = Info.plist; sourceTree = "<group>"; };
		E04FA2C31F99859A00567838 /* APIError.swift */ = {isa = PBXFileReference; fileEncoding = 4; lastKnownFileType = sourcecode.swift; path = APIError.swift; sourceTree = "<group>"; };
		E04FA2C41F99859A00567838 /* ClientError.swift */ = {isa = PBXFileReference; fileEncoding = 4; lastKnownFileType = sourcecode.swift; path = ClientError.swift; sourceTree = "<group>"; };
		E04FA2C61F99859A00567838 /* FlickrAPI.swift */ = {isa = PBXFileReference; fileEncoding = 4; lastKnownFileType = sourcecode.swift; path = FlickrAPI.swift; sourceTree = "<group>"; };
		E04FA2C71F99859A00567838 /* FlickrClient.swift */ = {isa = PBXFileReference; fileEncoding = 4; lastKnownFileType = sourcecode.swift; path = FlickrClient.swift; sourceTree = "<group>"; };
		E04FA2C81F99859A00567838 /* FlickrImageSearchResponse.swift */ = {isa = PBXFileReference; fileEncoding = 4; lastKnownFileType = sourcecode.swift; path = FlickrImageSearchResponse.swift; sourceTree = "<group>"; };
		E04FA2C91F99859A00567838 /* HTTPMethod.swift */ = {isa = PBXFileReference; fileEncoding = 4; lastKnownFileType = sourcecode.swift; path = HTTPMethod.swift; sourceTree = "<group>"; };
		E04FA2CB1F99859A00567838 /* JSONDecodeError.swift */ = {isa = PBXFileReference; fileEncoding = 4; lastKnownFileType = sourcecode.swift; path = JSONDecodeError.swift; sourceTree = "<group>"; };
		E04FA2CD1F99859A00567838 /* Request.swift */ = {isa = PBXFileReference; fileEncoding = 4; lastKnownFileType = sourcecode.swift; path = Request.swift; sourceTree = "<group>"; };
		E04FA2CE1F99859A00567838 /* Result.swift */ = {isa = PBXFileReference; fileEncoding = 4; lastKnownFileType = sourcecode.swift; path = Result.swift; sourceTree = "<group>"; };
		E04FA2E11F999C2800567838 /* UIImage+Codable.swift */ = {isa = PBXFileReference; lastKnownFileType = sourcecode.swift; path = "UIImage+Codable.swift"; sourceTree = "<group>"; };
		E04FA2E31F99C61200567838 /* FlickrImageFetchResponse.swift */ = {isa = PBXFileReference; lastKnownFileType = sourcecode.swift; path = FlickrImageFetchResponse.swift; sourceTree = "<group>"; };
		E04FA2E51F99C82100567838 /* log.txt */ = {isa = PBXFileReference; lastKnownFileType = text; path = log.txt; sourceTree = "<group>"; };
		E053CA381FA8129100BA4938 /* SearchViewProvider.swift */ = {isa = PBXFileReference; lastKnownFileType = sourcecode.swift; path = SearchViewProvider.swift; sourceTree = "<group>"; };
		E05956D21FAAAE5900E4DF8A /* NetworkReachabilityManager.swift */ = {isa = PBXFileReference; fileEncoding = 4; lastKnownFileType = sourcecode.swift; path = NetworkReachabilityManager.swift; sourceTree = "<group>"; };
		E0950C9A1FA8461700E60F35 /* Identifier.swift */ = {isa = PBXFileReference; lastKnownFileType = sourcecode.swift; path = Identifier.swift; sourceTree = "<group>"; };
		E0FF491D1FA98C2B00EAC095 /* en */ = {isa = PBXFileReference; lastKnownFileType = text.plist.strings; name = en; path = en.lproj/Localizable.strings; sourceTree = "<group>"; };
		E0FF491F1FA98C5D00EAC095 /* ja */ = {isa = PBXFileReference; lastKnownFileType = text.plist.strings; name = ja; path = ja.lproj/Localizable.strings; sourceTree = "<group>"; };
		E13BE5903B05E9DBE9784067 /* Pods_PinterstLikeCollectionViewAndFlickrImageSearch.framework */ = {isa = PBXFileReference; explicitFileType = wrapper.framework; includeInIndex = 0; path = Pods_PinterstLikeCollectionViewAndFlickrImageSearch.framework; sourceTree = BUILT_PRODUCTS_DIR; };
		EE3B200764BF9022FFB29893 /* Pods_PinterstLikeCollectionViewAndFlickrImageSearchTests.framework */ = {isa = PBXFileReference; explicitFileType = wrapper.framework; includeInIndex = 0; path = Pods_PinterstLikeCollectionViewAndFlickrImageSearchTests.framework; sourceTree = BUILT_PRODUCTS_DIR; };
/* End PBXFileReference section */

/* Begin PBXFrameworksBuildPhase section */
		E04FA29C1F9984E400567838 /* Frameworks */ = {
			isa = PBXFrameworksBuildPhase;
			buildActionMask = 2147483647;
			files = (
				984A7B57B7197BA22223064D /* Pods_PinterstLikeCollectionViewAndFlickrImageSearch.framework in Frameworks */,
			);
			runOnlyForDeploymentPostprocessing = 0;
		};
		E04FA2B01F9984E400567838 /* Frameworks */ = {
			isa = PBXFrameworksBuildPhase;
			buildActionMask = 2147483647;
			files = (
				FFE86EECB2BA494000D8BC72 /* Pods_PinterstLikeCollectionViewAndFlickrImageSearchTests.framework in Frameworks */,
			);
			runOnlyForDeploymentPostprocessing = 0;
		};
/* End PBXFrameworksBuildPhase section */

/* Begin PBXGroup section */
		10545D031F9CE3C5000A758F /* View */ = {
			isa = PBXGroup;
			children = (
				10545CFB1F9CE34D000A758F /* EmptyCell.swift */,
				10545CFC1F9CE34D000A758F /* EmptyCell.xib */,
				10545CFF1F9CE37D000A758F /* PhotoCell.swift */,
				10545D001F9CE37D000A758F /* PhotoCell.xib */,
				106528561FA5C25E00FA7633 /* Layouts */,
			);
			path = View;
			sourceTree = "<group>";
		};
		1063122E1F9AD9B30002400D /* Error */ = {
			isa = PBXGroup;
			children = (
				E04FA2C31F99859A00567838 /* APIError.swift */,
				E04FA2C41F99859A00567838 /* ClientError.swift */,
				E024B4F81FA71D2400F2EB74 /* ResponseError.swift */,
				E04FA2CB1F99859A00567838 /* JSONDecodeError.swift */,
			);
			path = Error;
			sourceTree = "<group>";
		};
		1063122F1F9ADA400002400D /* Response */ = {
			isa = PBXGroup;
			children = (
				E04FA2CE1F99859A00567838 /* Result.swift */,
				E04FA2C81F99859A00567838 /* FlickrImageSearchResponse.swift */,
				E04FA2E31F99C61200567838 /* FlickrImageFetchResponse.swift */,
				1078A33E1F9B8494002B3E07 /* Photo.swift */,
				1078A3401F9B856F002B3E07 /* Photos.swift */,
			);
			path = Response;
			sourceTree = "<group>";
		};
		106312301F9ADADE0002400D /* Request */ = {
			isa = PBXGroup;
			children = (
				E04FA2C61F99859A00567838 /* FlickrAPI.swift */,
				E04FA2CD1F99859A00567838 /* Request.swift */,
			);
			path = Request;
			sourceTree = "<group>";
		};
		106528561FA5C25E00FA7633 /* Layouts */ = {
			isa = PBXGroup;
			children = (
				106528541FA5C24E00FA7633 /* PinterestLayout.swift */,
			);
			path = Layouts;
			sourceTree = "<group>";
		};
		2F24A58AD4F4186585109730 /* Pods */ = {
			isa = PBXGroup;
			children = (
				60FAB6369DAB5B6677515EDF /* Pods-PinterstLikeCollectionViewAndFlickrImageSearch.debug.xcconfig */,
				D499850AAD86B80DDD5223CB /* Pods-PinterstLikeCollectionViewAndFlickrImageSearch.release.xcconfig */,
				8C81732427EF59110345C220 /* Pods-PinterstLikeCollectionViewAndFlickrImageSearchTests.debug.xcconfig */,
				B236B0A8BD124C16EF92F9DE /* Pods-PinterstLikeCollectionViewAndFlickrImageSearchTests.release.xcconfig */,
			);
			name = Pods;
			sourceTree = "<group>";
		};
		AAFE71087B9EB602E3826EFE /* Frameworks */ = {
			isa = PBXGroup;
			children = (
				E13BE5903B05E9DBE9784067 /* Pods_PinterstLikeCollectionViewAndFlickrImageSearch.framework */,
				EE3B200764BF9022FFB29893 /* Pods_PinterstLikeCollectionViewAndFlickrImageSearchTests.framework */,
			);
			name = Frameworks;
			sourceTree = "<group>";
		};
		E002ACC31FA99C7100E74E1C /* Alert */ = {
			isa = PBXGroup;
			children = (
				E002ACBD1FA9917000E74E1C /* AlertController.swift */,
				E002ACBF1FA9924600E74E1C /* AlertMessageDelegate.swift */,
			);
			path = Alert;
			sourceTree = "<group>";
		};
		E002ACC41FA99C8C00E74E1C /* Localize */ = {
			isa = PBXGroup;
			children = (
				E0FF491E1FA98C2B00EAC095 /* Localizable.strings */,
				E002ACC11FA9991000E74E1C /* LocalizableKey.swift */,
			);
			path = Localize;
			sourceTree = "<group>";
		};
		E04FA2961F9984E400567838 = {
			isa = PBXGroup;
			children = (
				E04FA2A11F9984E400567838 /* PinterstLikeCollectionViewAndFlickrImageSearch */,
				E04FA2B61F9984E400567838 /* PinterstLikeCollectionViewAndFlickrImageSearchTests */,
				E04FA2A01F9984E400567838 /* Products */,
				2F24A58AD4F4186585109730 /* Pods */,
				AAFE71087B9EB602E3826EFE /* Frameworks */,
			);
			sourceTree = "<group>";
		};
		E04FA2A01F9984E400567838 /* Products */ = {
			isa = PBXGroup;
			children = (
				E04FA29F1F9984E400567838 /* PinterstLikeCollectionViewAndFlickrImageSearch.app */,
				E04FA2B31F9984E400567838 /* PinterstLikeCollectionViewAndFlickrImageSearchTests.xctest */,
			);
			name = Products;
			sourceTree = "<group>";
		};
		E04FA2A11F9984E400567838 /* PinterstLikeCollectionViewAndFlickrImageSearch */ = {
			isa = PBXGroup;
			children = (
				E04FA2C21F99859A00567838 /* FlickrAPI */,
				E053CA351FA8121C00BA4938 /* Controllers */,
				10545D031F9CE3C5000A758F /* View */,
				E053CA371FA8126400BA4938 /* Others */,
				E04FA2AE1F9984E400567838 /* Info.plist */,
				E053CA361FA8124900BA4938 /* Extensions */,
			);
			path = PinterstLikeCollectionViewAndFlickrImageSearch;
			sourceTree = "<group>";
		};
		E04FA2B61F9984E400567838 /* PinterstLikeCollectionViewAndFlickrImageSearchTests */ = {
			isa = PBXGroup;
			children = (
				E04FA2B71F9984E400567838 /* FlickrImageSearchAndFetchTests.swift */,
				E04FA2B91F9984E400567838 /* Info.plist */,
				106312331F9ADF370002400D /* FlickrAPIManagerTest.swift */,
				106312371F9AECC30002400D /* TestCommonDefines.swift */,
				E049332A1FAB1EEB00DD34CB /* FlickrImageSearchContextTests.swift */,
			);
			path = PinterstLikeCollectionViewAndFlickrImageSearchTests;
			sourceTree = "<group>";
		};
		E04FA2C21F99859A00567838 /* FlickrAPI */ = {
			isa = PBXGroup;
			children = (
				106312301F9ADADE0002400D /* Request */,
				1063122F1F9ADA400002400D /* Response */,
				1063122E1F9AD9B30002400D /* Error */,
				E04FA2C71F99859A00567838 /* FlickrClient.swift */,
				E04FA2C91F99859A00567838 /* HTTPMethod.swift */,
				106312351F9AE2AE0002400D /* FlickrAPIManager.swift */,
				E00906331FA9C3C200956D16 /* FlickrAPIAccessState.swift */,
				E04933281FAB1E3900DD34CB /* FlickrImageSearchContext.swift */,
			);
			path = FlickrAPI;
			sourceTree = "<group>";
		};
		E053CA351FA8121C00BA4938 /* Controllers */ = {
			isa = PBXGroup;
			children = (
				E04FA2A21F9984E400567838 /* AppDelegate.swift */,
				E04FA2A41F9984E400567838 /* SearchViewController.swift */,
				E04FA2A61F9984E400567838 /* SearchViewController.storyboard */,
				E053CA381FA8129100BA4938 /* SearchViewProvider.swift */,
			);
			path = Controllers;
			sourceTree = "<group>";
		};
		E053CA361FA8124900BA4938 /* Extensions */ = {
			isa = PBXGroup;
			children = (
				E00906311FA9AB9700956D16 /* UIScrollView+Helper.swift */,
				E04FA2E11F999C2800567838 /* UIImage+Codable.swift */,
				E0950C9A1FA8461700E60F35 /* Identifier.swift */,
			);
			path = Extensions;
			sourceTree = "<group>";
		};
		E053CA371FA8126400BA4938 /* Others */ = {
			isa = PBXGroup;
			children = (
				E05956D21FAAAE5900E4DF8A /* NetworkReachabilityManager.swift */,
				E04FA2A91F9984E400567838 /* Assets.xcassets */,
				E04FA2AB1F9984E400567838 /* LaunchScreen.storyboard */,
				E04FA2E51F99C82100567838 /* log.txt */,
				106312391F9AECF70002400D /* CommonDefines.swift */,
				E002ACC41FA99C8C00E74E1C /* Localize */,
				E002ACC31FA99C7100E74E1C /* Alert */,
			);
			path = Others;
			sourceTree = "<group>";
		};
/* End PBXGroup section */

/* Begin PBXNativeTarget section */
		E04FA29E1F9984E400567838 /* PinterstLikeCollectionViewAndFlickrImageSearch */ = {
			isa = PBXNativeTarget;
			buildConfigurationList = E04FA2BC1F9984E400567838 /* Build configuration list for PBXNativeTarget "PinterstLikeCollectionViewAndFlickrImageSearch" */;
			buildPhases = (
				2C2B1CC8CD65AD2B27789E4C /* [CP] Check Pods Manifest.lock */,
				E04FA29B1F9984E400567838 /* Sources */,
				E04FA29C1F9984E400567838 /* Frameworks */,
				E04FA29D1F9984E400567838 /* Resources */,
				63880E2D72A20E4F0FF0B3B4 /* [CP] Embed Pods Frameworks */,
				F163F2AD8D493CBB82FA6059 /* [CP] Copy Pods Resources */,
			);
			buildRules = (
			);
			dependencies = (
			);
			name = PinterstLikeCollectionViewAndFlickrImageSearch;
			productName = PinterstLikeCollectionViewAndFlickrImageSearch;
			productReference = E04FA29F1F9984E400567838 /* PinterstLikeCollectionViewAndFlickrImageSearch.app */;
			productType = "com.apple.product-type.application";
		};
		E04FA2B21F9984E400567838 /* PinterstLikeCollectionViewAndFlickrImageSearchTests */ = {
			isa = PBXNativeTarget;
			buildConfigurationList = E04FA2BF1F9984E400567838 /* Build configuration list for PBXNativeTarget "PinterstLikeCollectionViewAndFlickrImageSearchTests" */;
			buildPhases = (
				B7B8FA97267BF44441E7791D /* [CP] Check Pods Manifest.lock */,
				E04FA2AF1F9984E400567838 /* Sources */,
				E04FA2B01F9984E400567838 /* Frameworks */,
				E04FA2B11F9984E400567838 /* Resources */,
				D60A7C2935DED09CAB91C9EB /* [CP] Embed Pods Frameworks */,
				1F19B3A7B036EB42B6EA6CC3 /* [CP] Copy Pods Resources */,
			);
			buildRules = (
			);
			dependencies = (
				E04FA2B51F9984E400567838 /* PBXTargetDependency */,
			);
			name = PinterstLikeCollectionViewAndFlickrImageSearchTests;
			productName = PinterstLikeCollectionViewAndFlickrImageSearchTests;
			productReference = E04FA2B31F9984E400567838 /* PinterstLikeCollectionViewAndFlickrImageSearchTests.xctest */;
			productType = "com.apple.product-type.bundle.unit-test";
		};
/* End PBXNativeTarget section */

/* Begin PBXProject section */
		E04FA2971F9984E400567838 /* Project object */ = {
			isa = PBXProject;
			attributes = {
				LastSwiftUpdateCheck = 0900;
				LastUpgradeCheck = 0900;
				ORGANIZATIONNAME = SundayCarpenter;
				TargetAttributes = {
					E04FA29E1F9984E400567838 = {
						CreatedOnToolsVersion = 9.0;
						ProvisioningStyle = Automatic;
					};
					E04FA2B21F9984E400567838 = {
						CreatedOnToolsVersion = 9.0;
						ProvisioningStyle = Automatic;
						TestTargetID = E04FA29E1F9984E400567838;
					};
				};
			};
			buildConfigurationList = E04FA29A1F9984E400567838 /* Build configuration list for PBXProject "PinterstLikeCollectionViewAndFlickrImageSearch" */;
			compatibilityVersion = "Xcode 8.0";
			developmentRegion = en;
			hasScannedForEncodings = 0;
			knownRegions = (
				en,
				Base,
				ja,
			);
			mainGroup = E04FA2961F9984E400567838;
			productRefGroup = E04FA2A01F9984E400567838 /* Products */;
			projectDirPath = "";
			projectRoot = "";
			targets = (
				E04FA29E1F9984E400567838 /* PinterstLikeCollectionViewAndFlickrImageSearch */,
				E04FA2B21F9984E400567838 /* PinterstLikeCollectionViewAndFlickrImageSearchTests */,
			);
		};
/* End PBXProject section */

/* Begin PBXResourcesBuildPhase section */
		E04FA29D1F9984E400567838 /* Resources */ = {
			isa = PBXResourcesBuildPhase;
			buildActionMask = 2147483647;
			files = (
				10545D021F9CE37D000A758F /* PhotoCell.xib in Resources */,
				E04FA2AD1F9984E400567838 /* LaunchScreen.storyboard in Resources */,
				10545CFE1F9CE34D000A758F /* EmptyCell.xib in Resources */,
				E0FF491C1FA98C2B00EAC095 /* Localizable.strings in Resources */,
				E04FA2AA1F9984E400567838 /* Assets.xcassets in Resources */,
				E04FA2A81F9984E400567838 /* SearchViewController.storyboard in Resources */,
				E04FA2E61F99C82100567838 /* log.txt in Resources */,
			);
			runOnlyForDeploymentPostprocessing = 0;
		};
		E04FA2B11F9984E400567838 /* Resources */ = {
			isa = PBXResourcesBuildPhase;
			buildActionMask = 2147483647;
			files = (
			);
			runOnlyForDeploymentPostprocessing = 0;
		};
/* End PBXResourcesBuildPhase section */

/* Begin PBXShellScriptBuildPhase section */
		1F19B3A7B036EB42B6EA6CC3 /* [CP] Copy Pods Resources */ = {
			isa = PBXShellScriptBuildPhase;
			buildActionMask = 2147483647;
			files = (
			);
			inputPaths = (
			);
			name = "[CP] Copy Pods Resources";
			outputPaths = (
			);
			runOnlyForDeploymentPostprocessing = 0;
			shellPath = /bin/sh;
			shellScript = "\"${SRCROOT}/Pods/Target Support Files/Pods-PinterstLikeCollectionViewAndFlickrImageSearchTests/Pods-PinterstLikeCollectionViewAndFlickrImageSearchTests-resources.sh\"\n";
			showEnvVarsInLog = 0;
		};
		2C2B1CC8CD65AD2B27789E4C /* [CP] Check Pods Manifest.lock */ = {
			isa = PBXShellScriptBuildPhase;
			buildActionMask = 2147483647;
			files = (
			);
			inputPaths = (
			);
			name = "[CP] Check Pods Manifest.lock";
			outputPaths = (
			);
			runOnlyForDeploymentPostprocessing = 0;
			shellPath = /bin/sh;
			shellScript = "diff \"${PODS_PODFILE_DIR_PATH}/Podfile.lock\" \"${PODS_ROOT}/Manifest.lock\" > /dev/null\nif [ $? != 0 ] ; then\n    # print error to STDERR\n    echo \"error: The sandbox is not in sync with the Podfile.lock. Run 'pod install' or update your CocoaPods installation.\" >&2\n    exit 1\nfi\n";
			showEnvVarsInLog = 0;
		};
		63880E2D72A20E4F0FF0B3B4 /* [CP] Embed Pods Frameworks */ = {
			isa = PBXShellScriptBuildPhase;
			buildActionMask = 2147483647;
			files = (
			);
			inputPaths = (
			);
			name = "[CP] Embed Pods Frameworks";
			outputPaths = (
			);
			runOnlyForDeploymentPostprocessing = 0;
			shellPath = /bin/sh;
			shellScript = "\"${SRCROOT}/Pods/Target Support Files/Pods-PinterstLikeCollectionViewAndFlickrImageSearch/Pods-PinterstLikeCollectionViewAndFlickrImageSearch-frameworks.sh\"\n";
			showEnvVarsInLog = 0;
		};
		B7B8FA97267BF44441E7791D /* [CP] Check Pods Manifest.lock */ = {
			isa = PBXShellScriptBuildPhase;
			buildActionMask = 2147483647;
			files = (
			);
			inputPaths = (
			);
			name = "[CP] Check Pods Manifest.lock";
			outputPaths = (
			);
			runOnlyForDeploymentPostprocessing = 0;
			shellPath = /bin/sh;
			shellScript = "diff \"${PODS_PODFILE_DIR_PATH}/Podfile.lock\" \"${PODS_ROOT}/Manifest.lock\" > /dev/null\nif [ $? != 0 ] ; then\n    # print error to STDERR\n    echo \"error: The sandbox is not in sync with the Podfile.lock. Run 'pod install' or update your CocoaPods installation.\" >&2\n    exit 1\nfi\n";
			showEnvVarsInLog = 0;
		};
		D60A7C2935DED09CAB91C9EB /* [CP] Embed Pods Frameworks */ = {
			isa = PBXShellScriptBuildPhase;
			buildActionMask = 2147483647;
			files = (
			);
			inputPaths = (
			);
			name = "[CP] Embed Pods Frameworks";
			outputPaths = (
			);
			runOnlyForDeploymentPostprocessing = 0;
			shellPath = /bin/sh;
			shellScript = "\"${SRCROOT}/Pods/Target Support Files/Pods-PinterstLikeCollectionViewAndFlickrImageSearchTests/Pods-PinterstLikeCollectionViewAndFlickrImageSearchTests-frameworks.sh\"\n";
			showEnvVarsInLog = 0;
		};
		F163F2AD8D493CBB82FA6059 /* [CP] Copy Pods Resources */ = {
			isa = PBXShellScriptBuildPhase;
			buildActionMask = 2147483647;
			files = (
			);
			inputPaths = (
			);
			name = "[CP] Copy Pods Resources";
			outputPaths = (
			);
			runOnlyForDeploymentPostprocessing = 0;
			shellPath = /bin/sh;
			shellScript = "\"${SRCROOT}/Pods/Target Support Files/Pods-PinterstLikeCollectionViewAndFlickrImageSearch/Pods-PinterstLikeCollectionViewAndFlickrImageSearch-resources.sh\"\n";
			showEnvVarsInLog = 0;
		};
/* End PBXShellScriptBuildPhase section */

/* Begin PBXSourcesBuildPhase section */
		E04FA29B1F9984E400567838 /* Sources */ = {
			isa = PBXSourcesBuildPhase;
			buildActionMask = 2147483647;
			files = (
				106528551FA5C24E00FA7633 /* PinterestLayout.swift in Sources */,
				1078A33F1F9B8494002B3E07 /* Photo.swift in Sources */,
				E04933291FAB1E3900DD34CB /* FlickrImageSearchContext.swift in Sources */,
				E04FA2A51F9984E400567838 /* SearchViewController.swift in Sources */,
				106312361F9AE2AE0002400D /* FlickrAPIManager.swift in Sources */,
				E002ACBE1FA9917000E74E1C /* AlertController.swift in Sources */,
				E04FA2DB1F99859A00567838 /* Request.swift in Sources */,
				E04FA2D21F99859A00567838 /* ClientError.swift in Sources */,
				E04FA2DC1F99859A00567838 /* Result.swift in Sources */,
				E04FA2D51F99859A00567838 /* FlickrClient.swift in Sources */,
				E024B4F91FA71D2400F2EB74 /* ResponseError.swift in Sources */,
				1063123A1F9AECF80002400D /* CommonDefines.swift in Sources */,
				E04FA2D91F99859A00567838 /* JSONDecodeError.swift in Sources */,
				E04FA2A31F9984E400567838 /* AppDelegate.swift in Sources */,
				E04FA2E41F99C61200567838 /* FlickrImageFetchResponse.swift in Sources */,
				E002ACC01FA9924600E74E1C /* AlertMessageDelegate.swift in Sources */,
				10545D011F9CE37D000A758F /* PhotoCell.swift in Sources */,
				E002ACC21FA9991000E74E1C /* LocalizableKey.swift in Sources */,
				E00906341FA9C3C200956D16 /* FlickrAPIAccessState.swift in Sources */,
				E04FA2D41F99859A00567838 /* FlickrAPI.swift in Sources */,
				1078A3411F9B856F002B3E07 /* Photos.swift in Sources */,
				E04FA2D71F99859A00567838 /* HTTPMethod.swift in Sources */,
				E04FA2E21F999C2800567838 /* UIImage+Codable.swift in Sources */,
				E04FA2D61F99859A00567838 /* FlickrImageSearchResponse.swift in Sources */,
				E00906321FA9AB9700956D16 /* UIScrollView+Helper.swift in Sources */,
				E05956D31FAAAE5900E4DF8A /* NetworkReachabilityManager.swift in Sources */,
				E04FA2D11F99859A00567838 /* APIError.swift in Sources */,
				10545CFD1F9CE34D000A758F /* EmptyCell.swift in Sources */,
				E0950C9B1FA8461700E60F35 /* Identifier.swift in Sources */,
				E053CA391FA8129100BA4938 /* SearchViewProvider.swift in Sources */,
			);
			runOnlyForDeploymentPostprocessing = 0;
		};
		E04FA2AF1F9984E400567838 /* Sources */ = {
			isa = PBXSourcesBuildPhase;
			buildActionMask = 2147483647;
			files = (
				106312381F9AECC30002400D /* TestCommonDefines.swift in Sources */,
				E04FA2B81F9984E400567838 /* FlickrImageSearchAndFetchTests.swift in Sources */,
				E049332B1FAB1EEB00DD34CB /* FlickrImageSearchContextTests.swift in Sources */,
				106312341F9ADF370002400D /* FlickrAPIManagerTest.swift in Sources */,
			);
			runOnlyForDeploymentPostprocessing = 0;
		};
/* End PBXSourcesBuildPhase section */

/* Begin PBXTargetDependency section */
		E04FA2B51F9984E400567838 /* PBXTargetDependency */ = {
			isa = PBXTargetDependency;
			target = E04FA29E1F9984E400567838 /* PinterstLikeCollectionViewAndFlickrImageSearch */;
			targetProxy = E04FA2B41F9984E400567838 /* PBXContainerItemProxy */;
		};
/* End PBXTargetDependency section */

/* Begin PBXVariantGroup section */
		E04FA2A61F9984E400567838 /* SearchViewController.storyboard */ = {
			isa = PBXVariantGroup;
			children = (
				E04FA2A71F9984E400567838 /* Base */,
			);
			name = SearchViewController.storyboard;
			sourceTree = "<group>";
		};
		E04FA2AB1F9984E400567838 /* LaunchScreen.storyboard */ = {
			isa = PBXVariantGroup;
			children = (
				E04FA2AC1F9984E400567838 /* Base */,
			);
			name = LaunchScreen.storyboard;
			sourceTree = "<group>";
		};
		E0FF491E1FA98C2B00EAC095 /* Localizable.strings */ = {
			isa = PBXVariantGroup;
			children = (
				E0FF491D1FA98C2B00EAC095 /* en */,
				E0FF491F1FA98C5D00EAC095 /* ja */,
			);
			name = Localizable.strings;
			sourceTree = "<group>";
		};
/* End PBXVariantGroup section */

/* Begin XCBuildConfiguration section */
		E04FA2BA1F9984E400567838 /* Debug */ = {
			isa = XCBuildConfiguration;
			buildSettings = {
				ALWAYS_SEARCH_USER_PATHS = NO;
				CLANG_ANALYZER_LOCALIZABILITY_NONLOCALIZED = YES;
				CLANG_ANALYZER_NONNULL = YES;
				CLANG_ANALYZER_NUMBER_OBJECT_CONVERSION = YES_AGGRESSIVE;
				CLANG_CXX_LANGUAGE_STANDARD = "gnu++14";
				CLANG_CXX_LIBRARY = "libc++";
				CLANG_ENABLE_MODULES = YES;
				CLANG_ENABLE_OBJC_ARC = YES;
				CLANG_WARN_BLOCK_CAPTURE_AUTORELEASING = YES;
				CLANG_WARN_BOOL_CONVERSION = YES;
				CLANG_WARN_COMMA = YES;
				CLANG_WARN_CONSTANT_CONVERSION = YES;
				CLANG_WARN_DIRECT_OBJC_ISA_USAGE = YES_ERROR;
				CLANG_WARN_DOCUMENTATION_COMMENTS = YES;
				CLANG_WARN_EMPTY_BODY = YES;
				CLANG_WARN_ENUM_CONVERSION = YES;
				CLANG_WARN_INFINITE_RECURSION = YES;
				CLANG_WARN_INT_CONVERSION = YES;
				CLANG_WARN_NON_LITERAL_NULL_CONVERSION = YES;
				CLANG_WARN_OBJC_LITERAL_CONVERSION = YES;
				CLANG_WARN_OBJC_ROOT_CLASS = YES_ERROR;
				CLANG_WARN_RANGE_LOOP_ANALYSIS = YES;
				CLANG_WARN_STRICT_PROTOTYPES = YES;
				CLANG_WARN_SUSPICIOUS_MOVE = YES;
				CLANG_WARN_UNGUARDED_AVAILABILITY = YES_AGGRESSIVE;
				CLANG_WARN_UNREACHABLE_CODE = YES;
				CLANG_WARN__DUPLICATE_METHOD_MATCH = YES;
				CODE_SIGN_IDENTITY = "iPhone Developer";
				COPY_PHASE_STRIP = NO;
				DEBUG_INFORMATION_FORMAT = dwarf;
				ENABLE_STRICT_OBJC_MSGSEND = YES;
				ENABLE_TESTABILITY = YES;
				GCC_C_LANGUAGE_STANDARD = gnu11;
				GCC_DYNAMIC_NO_PIC = NO;
				GCC_NO_COMMON_BLOCKS = YES;
				GCC_OPTIMIZATION_LEVEL = 0;
				GCC_PREPROCESSOR_DEFINITIONS = (
					"DEBUG=1",
					"$(inherited)",
				);
				GCC_WARN_64_TO_32_BIT_CONVERSION = YES;
				GCC_WARN_ABOUT_RETURN_TYPE = YES_ERROR;
				GCC_WARN_UNDECLARED_SELECTOR = YES;
				GCC_WARN_UNINITIALIZED_AUTOS = YES_AGGRESSIVE;
				GCC_WARN_UNUSED_FUNCTION = YES;
				GCC_WARN_UNUSED_VARIABLE = YES;
				IPHONEOS_DEPLOYMENT_TARGET = 11.0;
				MTL_ENABLE_DEBUG_INFO = YES;
				ONLY_ACTIVE_ARCH = YES;
				SDKROOT = iphoneos;
				SWIFT_ACTIVE_COMPILATION_CONDITIONS = DEBUG;
				SWIFT_OPTIMIZATION_LEVEL = "-Onone";
			};
			name = Debug;
		};
		E04FA2BB1F9984E400567838 /* Release */ = {
			isa = XCBuildConfiguration;
			buildSettings = {
				ALWAYS_SEARCH_USER_PATHS = NO;
				CLANG_ANALYZER_LOCALIZABILITY_NONLOCALIZED = YES;
				CLANG_ANALYZER_NONNULL = YES;
				CLANG_ANALYZER_NUMBER_OBJECT_CONVERSION = YES_AGGRESSIVE;
				CLANG_CXX_LANGUAGE_STANDARD = "gnu++14";
				CLANG_CXX_LIBRARY = "libc++";
				CLANG_ENABLE_MODULES = YES;
				CLANG_ENABLE_OBJC_ARC = YES;
				CLANG_WARN_BLOCK_CAPTURE_AUTORELEASING = YES;
				CLANG_WARN_BOOL_CONVERSION = YES;
				CLANG_WARN_COMMA = YES;
				CLANG_WARN_CONSTANT_CONVERSION = YES;
				CLANG_WARN_DIRECT_OBJC_ISA_USAGE = YES_ERROR;
				CLANG_WARN_DOCUMENTATION_COMMENTS = YES;
				CLANG_WARN_EMPTY_BODY = YES;
				CLANG_WARN_ENUM_CONVERSION = YES;
				CLANG_WARN_INFINITE_RECURSION = YES;
				CLANG_WARN_INT_CONVERSION = YES;
				CLANG_WARN_NON_LITERAL_NULL_CONVERSION = YES;
				CLANG_WARN_OBJC_LITERAL_CONVERSION = YES;
				CLANG_WARN_OBJC_ROOT_CLASS = YES_ERROR;
				CLANG_WARN_RANGE_LOOP_ANALYSIS = YES;
				CLANG_WARN_STRICT_PROTOTYPES = YES;
				CLANG_WARN_SUSPICIOUS_MOVE = YES;
				CLANG_WARN_UNGUARDED_AVAILABILITY = YES_AGGRESSIVE;
				CLANG_WARN_UNREACHABLE_CODE = YES;
				CLANG_WARN__DUPLICATE_METHOD_MATCH = YES;
				CODE_SIGN_IDENTITY = "iPhone Developer";
				COPY_PHASE_STRIP = NO;
				DEBUG_INFORMATION_FORMAT = "dwarf-with-dsym";
				ENABLE_NS_ASSERTIONS = NO;
				ENABLE_STRICT_OBJC_MSGSEND = YES;
				GCC_C_LANGUAGE_STANDARD = gnu11;
				GCC_NO_COMMON_BLOCKS = YES;
				GCC_WARN_64_TO_32_BIT_CONVERSION = YES;
				GCC_WARN_ABOUT_RETURN_TYPE = YES_ERROR;
				GCC_WARN_UNDECLARED_SELECTOR = YES;
				GCC_WARN_UNINITIALIZED_AUTOS = YES_AGGRESSIVE;
				GCC_WARN_UNUSED_FUNCTION = YES;
				GCC_WARN_UNUSED_VARIABLE = YES;
				IPHONEOS_DEPLOYMENT_TARGET = 11.0;
				MTL_ENABLE_DEBUG_INFO = NO;
				SDKROOT = iphoneos;
				SWIFT_OPTIMIZATION_LEVEL = "-Owholemodule";
				VALIDATE_PRODUCT = YES;
			};
			name = Release;
		};
		E04FA2BD1F9984E400567838 /* Debug */ = {
			isa = XCBuildConfiguration;
			baseConfigurationReference = 60FAB6369DAB5B6677515EDF /* Pods-PinterstLikeCollectionViewAndFlickrImageSearch.debug.xcconfig */;
			buildSettings = {
				ASSETCATALOG_COMPILER_APPICON_NAME = AppIcon;
				CODE_SIGN_STYLE = Automatic;
				DEVELOPMENT_TEAM = KE8PEF6922;
				INFOPLIST_FILE = PinterstLikeCollectionViewAndFlickrImageSearch/Info.plist;
				LD_RUNPATH_SEARCH_PATHS = "$(inherited) @executable_path/Frameworks";
				PRODUCT_BUNDLE_IDENTIFIER = com.sundaycarpenter.PinterstLikeCollectionViewAndFlickrImageSearch;
				PRODUCT_NAME = "$(TARGET_NAME)";
				SWIFT_VERSION = 4.0;
				TARGETED_DEVICE_FAMILY = "1,2";
			};
			name = Debug;
		};
		E04FA2BE1F9984E400567838 /* Release */ = {
			isa = XCBuildConfiguration;
			baseConfigurationReference = D499850AAD86B80DDD5223CB /* Pods-PinterstLikeCollectionViewAndFlickrImageSearch.release.xcconfig */;
			buildSettings = {
				ASSETCATALOG_COMPILER_APPICON_NAME = AppIcon;
				CODE_SIGN_STYLE = Automatic;
				DEVELOPMENT_TEAM = KE8PEF6922;
				INFOPLIST_FILE = PinterstLikeCollectionViewAndFlickrImageSearch/Info.plist;
				LD_RUNPATH_SEARCH_PATHS = "$(inherited) @executable_path/Frameworks";
				PRODUCT_BUNDLE_IDENTIFIER = com.sundaycarpenter.PinterstLikeCollectionViewAndFlickrImageSearch;
				PRODUCT_NAME = "$(TARGET_NAME)";
				SWIFT_VERSION = 4.0;
				TARGETED_DEVICE_FAMILY = "1,2";
			};
			name = Release;
		};
		E04FA2C01F9984E400567838 /* Debug */ = {
			isa = XCBuildConfiguration;
			baseConfigurationReference = 8C81732427EF59110345C220 /* Pods-PinterstLikeCollectionViewAndFlickrImageSearchTests.debug.xcconfig */;
			buildSettings = {
				ALWAYS_EMBED_SWIFT_STANDARD_LIBRARIES = YES;
				BUNDLE_LOADER = "$(TEST_HOST)";
				CODE_SIGN_STYLE = Automatic;
				DEVELOPMENT_TEAM = KE8PEF6922;
				INFOPLIST_FILE = PinterstLikeCollectionViewAndFlickrImageSearchTests/Info.plist;
				LD_RUNPATH_SEARCH_PATHS = "$(inherited) @executable_path/Frameworks @loader_path/Frameworks";
				PRODUCT_BUNDLE_IDENTIFIER = com.sundaycarpenter.PinterstLikeCollectionViewAndFlickrImageSearchTests;
				PRODUCT_NAME = "$(TARGET_NAME)";
				SWIFT_VERSION = 4.0;
				TARGETED_DEVICE_FAMILY = "1,2";
				TEST_HOST = "$(BUILT_PRODUCTS_DIR)/PinterstLikeCollectionViewAndFlickrImageSearch.app/PinterstLikeCollectionViewAndFlickrImageSearch";
			};
			name = Debug;
		};
		E04FA2C11F9984E400567838 /* Release */ = {
			isa = XCBuildConfiguration;
			baseConfigurationReference = B236B0A8BD124C16EF92F9DE /* Pods-PinterstLikeCollectionViewAndFlickrImageSearchTests.release.xcconfig */;
			buildSettings = {
				ALWAYS_EMBED_SWIFT_STANDARD_LIBRARIES = YES;
				BUNDLE_LOADER = "$(TEST_HOST)";
				CODE_SIGN_STYLE = Automatic;
				DEVELOPMENT_TEAM = KE8PEF6922;
				INFOPLIST_FILE = PinterstLikeCollectionViewAndFlickrImageSearchTests/Info.plist;
				LD_RUNPATH_SEARCH_PATHS = "$(inherited) @executable_path/Frameworks @loader_path/Frameworks";
				PRODUCT_BUNDLE_IDENTIFIER = com.sundaycarpenter.PinterstLikeCollectionViewAndFlickrImageSearchTests;
				PRODUCT_NAME = "$(TARGET_NAME)";
				SWIFT_VERSION = 4.0;
				TARGETED_DEVICE_FAMILY = "1,2";
				TEST_HOST = "$(BUILT_PRODUCTS_DIR)/PinterstLikeCollectionViewAndFlickrImageSearch.app/PinterstLikeCollectionViewAndFlickrImageSearch";
			};
			name = Release;
		};
/* End XCBuildConfiguration section */

/* Begin XCConfigurationList section */
		E04FA29A1F9984E400567838 /* Build configuration list for PBXProject "PinterstLikeCollectionViewAndFlickrImageSearch" */ = {
			isa = XCConfigurationList;
			buildConfigurations = (
				E04FA2BA1F9984E400567838 /* Debug */,
				E04FA2BB1F9984E400567838 /* Release */,
			);
			defaultConfigurationIsVisible = 0;
			defaultConfigurationName = Release;
		};
		E04FA2BC1F9984E400567838 /* Build configuration list for PBXNativeTarget "PinterstLikeCollectionViewAndFlickrImageSearch" */ = {
			isa = XCConfigurationList;
			buildConfigurations = (
				E04FA2BD1F9984E400567838 /* Debug */,
				E04FA2BE1F9984E400567838 /* Release */,
			);
			defaultConfigurationIsVisible = 0;
			defaultConfigurationName = Release;
		};
		E04FA2BF1F9984E400567838 /* Build configuration list for PBXNativeTarget "PinterstLikeCollectionViewAndFlickrImageSearchTests" */ = {
			isa = XCConfigurationList;
			buildConfigurations = (
				E04FA2C01F9984E400567838 /* Debug */,
				E04FA2C11F9984E400567838 /* Release */,
			);
			defaultConfigurationIsVisible = 0;
			defaultConfigurationName = Release;
		};
/* End XCConfigurationList section */
	};
	rootObject = E04FA2971F9984E400567838 /* Project object */;
}
